
Microsoft Visual Studio Solution File, Format Version 12.00
# Visual Studio Version 17
VisualStudioVersion = 17.14.36511.14 d17.14
MinimumVisualStudioVersion = 10.0.40219.1
Project("{FAE04EC0-301F-11D3-BF4B-00C04F79EFBC}") = "Money exchanger", "Money exchanger\Money exchanger.csproj", "{AF9625D6-EF75-405E-B51A-20C5611CCAAD}"
EndProject
Global
	GlobalSection(SolutionConfigurationPlatforms) = preSolution
		Debug|Any CPU = Debug|Any CPU
		Release|Any CPU = Release|Any CPU
	EndGlobalSection
	GlobalSection(ProjectConfigurationPlatforms) = postSolution
		{AF9625D6-EF75-405E-B51A-20C5611CCAAD}.Debug|Any CPU.ActiveCfg = Debug|Any CPU
		{AF9625D6-EF75-405E-B51A-20C5611CCAAD}.Debug|Any CPU.Build.0 = Debug|Any CPU
		{AF9625D6-EF75-405E-B51A-20C5611CCAAD}.Release|Any CPU.ActiveCfg = Release|Any CPU
		{AF9625D6-EF75-405E-B51A-20C5611CCAAD}.Release|Any CPU.Build.0 = Release|Any CPU
	EndGlobalSection
	GlobalSection(SolutionProperties) = preSolution
		HideSolutionNode = FALSE
	EndGlobalSection
	GlobalSection(ExtensibilityGlobals) = postSolution
		SolutionGuid = {9361A117-CC31-45AD-B896-ED4C49B287CE}
	EndGlobalSection
EndGlobal
